
Microsoft Visual Studio Solution File, Format Version 12.00
# Visual Studio Version 17
VisualStudioVersion = 17.1.32328.378
MinimumVisualStudioVersion = 10.0.40219.1
Project("{9A19103F-16F7-4668-BE54-9A1E7A4F7556}") = "EmployeeApi", "EmployeeApi\EmployeeApi.csproj", "{03FB3228-701D-4822-AF72-091213ABC6A1}"
EndProject
Project("{FAE04EC0-301F-11D3-BF4B-00C04F79EFBC}") = "SalaryApi", "SalaryApi\SalaryApi.csproj", "{740539FA-8EBF-410A-AF62-DE40F1D8ADA3}"
EndProject
Global
	GlobalSection(SolutionConfigurationPlatforms) = preSolution
		Debug|Any CPU = Debug|Any CPU
		Release|Any CPU = Release|Any CPU
	EndGlobalSection
	GlobalSection(ProjectConfigurationPlatforms) = postSolution
		{03FB3228-701D-4822-AF72-091213ABC6A1}.Debug|Any CPU.ActiveCfg = Debug|Any CPU
		{03FB3228-701D-4822-AF72-091213ABC6A1}.Debug|Any CPU.Build.0 = Debug|Any CPU
		{03FB3228-701D-4822-AF72-091213ABC6A1}.Release|Any CPU.ActiveCfg = Release|Any CPU
		{03FB3228-701D-4822-AF72-091213ABC6A1}.Release|Any CPU.Build.0 = Release|Any CPU
		{740539FA-8EBF-410A-AF62-DE40F1D8ADA3}.Debug|Any CPU.ActiveCfg = Debug|Any CPU
		{740539FA-8EBF-410A-AF62-DE40F1D8ADA3}.Debug|Any CPU.Build.0 = Debug|Any CPU
		{740539FA-8EBF-410A-AF62-DE40F1D8ADA3}.Release|Any CPU.ActiveCfg = Release|Any CPU
		{740539FA-8EBF-410A-AF62-DE40F1D8ADA3}.Release|Any CPU.Build.0 = Release|Any CPU
	EndGlobalSection
	GlobalSection(SolutionProperties) = preSolution
		HideSolutionNode = FALSE
	EndGlobalSection
	GlobalSection(ExtensibilityGlobals) = postSolution
		SolutionGuid = {234E6CCA-3DA8-47B0-A2E1-0860396C9497}
	EndGlobalSection
EndGlobal
